lockfileVersion: '9.0'

settings:
  autoInstallPeers: true
  excludeLinksFromLockfile: false

importers:

  .:
    dependencies:
      '@gluwa/asc-contracts':
        specifier: 0.2.1
        version: 0.2.1
      '@openzeppelin/contracts':
        specifier: ^5.1.0
        version: 5.6.1

packages:

  '@gluwa/asc-contracts@0.2.1':
    resolution: {integrity: sha512-3/zVx8ElFewTB0Xy06xJ/uPYfvFI1usOe/ilxoM5SNT9Cf47ML/YW41Pq00NttxuOPLkh8HnRlPgD1n66ritLA==}

  '@openzeppelin/contracts@5.1.0':
    resolution: {integrity: sha512-p1ULhl7BXzjjbha5aqst+QMLY+4/LCWADXOCsmLHRM77AqiPjnd9vvUN9sosUfhL9JGKpZ0TjEGxgvnizmWGSA==}

  '@openzeppelin/contracts@5.6.1':
    resolution: {integrity: sha512-Ly6SlsVJ3mj+b18W3R8gNufB7dTICT105fJhodGAGgyC2oqnBAhqSiNDJ8V8DLY05cCz81GLI0CU5vNYA1EC/w==}

snapshots:

  '@gluwa/asc-contracts@0.2.1':
    dependencies:
      '@openzeppelin/contracts': 5.1.0

  '@openzeppelin/contracts@5.1.0': {}

  '@openzeppelin/contracts@5.6.1': {}
